// !$*UTF8*$!
{
	archiveVersion = 1;
	classes = {
	};
	objectVersion = 46;
	objects = {

/* Begin PBXBuildFile section */
		4EC3C072F9194C2BA08774A3 /* Pods_dynamicList.framework in Frameworks */ = {isa = PBXBuildFile; fileRef = 5DE86328A2A1533AD3602BD3 /* Pods_dynamicList.framework */; };
		BFD363901F65916300F059F0 /* AppDelegate.swift in Sources */ = {isa = PBXBuildFile; fileRef = BFD3638F1F65916300F059F0 /* AppDelegate.swift */; };
		BFD363921F65916300F059F0 /* ViewController.swift in Sources */ = {isa = PBXBuildFile; fileRef = BFD363911F65916300F059F0 /* ViewController.swift */; };
		BFD363951F65916300F059F0 /* Main.storyboard in Resources */ = {isa = PBXBuildFile; fileRef = BFD363931F65916300F059F0 /* Main.storyboard */; };
		BFD363981F65916300F059F0 /* dynamicList.xcdatamodeld in Sources */ = {isa = PBXBuildFile; fileRef = BFD363961F65916300F059F0 /* dynamicList.xcdatamodeld */; };
		BFD3639A1F65916300F059F0 /* Assets.xcassets in Resources */ = {isa = PBXBuildFile; fileRef = BFD363991F65916300F059F0 /* Assets.xcassets */; };
		BFD3639D1F65916300F059F0 /* LaunchScreen.storyboard in Resources */ = {isa = PBXBuildFile; fileRef = BFD3639B1F65916300F059F0 /* LaunchScreen.storyboard */; };
		BFD363A51F65951500F059F0 /* GoogleService-Info.plist in Resources */ = {isa = PBXBuildFile; fileRef = BFD363A41F65951500F059F0 /* GoogleService-Info.plist */; };
		BFD363A71F65987900F059F0 /* DynamicListDelegate.swift in Sources */ = {isa = PBXBuildFile; fileRef = BFD363A61F65987900F059F0 /* DynamicListDelegate.swift */; };
/* End PBXBuildFile section */

/* Begin PBXFileReference section */
		3A9E26331FE9B8DFA446681F /* Pods-dynamicList.release.xcconfig */ = {isa = PBXFileReference; includeInIndex = 1; lastKnownFileType = text.xcconfig; name = "Pods-dynamicList.release.xcconfig"; path = "Pods/Target Support Files/Pods-dynamicList/Pods-dynamicList.release.xcconfig"; sourceTree = "<group>"; };
		5DE86328A2A1533AD3602BD3 /* Pods_dynamicList.framework */ = {isa = PBXFileReference; explicitFileType = wrapper.framework; includeInIndex = 0; path = Pods_dynamicList.framework; sourceTree = BUILT_PRODUCTS_DIR; };
		71D7B0ED316B946293DD200C /* Pods-dynamicList.debug.xcconfig */ = {isa = PBXFileReference; includeInIndex = 1; lastKnownFileType = text.xcconfig; name = "Pods-dynamicList.debug.xcconfig"; path = "Pods/Target Support Files/Pods-dynamicList/Pods-dynamicList.debug.xcconfig"; sourceTree = "<group>"; };
		BFD3638C1F65916300F059F0 /* dynamicList.app */ = {isa = PBXFileReference; explicitFileType = wrapper.application; includeInIndex = 0; path = dynamicList.app; sourceTree = BUILT_PRODUCTS_DIR; };
		BFD3638F1F65916300F059F0 /* AppDelegate.swift */ = {isa = PBXFileReference; lastKnownFileType = sourcecode.swift; path = AppDelegate.swift; sourceTree = "<group>"; };
		BFD363911F65916300F059F0 /* ViewController.swift */ = {isa = PBXFileReference; lastKnownFileType = sourcecode.swift; path = ViewController.swift; sourceTree = "<group>"; };
		BFD363941F65916300F059F0 /* Base */ = {isa = PBXFileReference; lastKnownFileType = file.storyboard; name = Base; path = Base.lproj/Main.storyboard; sourceTree = "<group>"; };
		BFD363971F65916300F059F0 /* dynamicList.xcdatamodel */ = {isa = PBXFileReference; lastKnownFileType = wrapper.xcdatamodel; path = dynamicList.xcdatamodel; sourceTree = "<group>"; };
		BFD363991F65916300F059F0 /* Assets.xcassets */ = {isa = PBXFileReference; lastKnownFileType = folder.assetcatalog; path = Assets.xcassets; sourceTree = "<group>"; };
		BFD3639C1F65916300F059F0 /* Base */ = {isa = PBXFileReference; lastKnownFileType = file.storyboard; name = Base; path = Base.lproj/LaunchScreen.storyboard; sourceTree = "<group>"; };
		BFD3639E1F65916300F059F0 /* Info.plist */ = {isa = PBXFileReference; lastKnownFileType = text.plist.xml; path = Info.plist; sourceTree = "<group>"; };
		BFD363A41F65951500F059F0 /* GoogleService-Info.plist */ = {isa = PBXFileReference; fileEncoding = 4; lastKnownFileType = text.plist.xml; path = "GoogleService-Info.plist"; sourceTree = "<group>"; };
		BFD363A61F65987900F059F0 /* DynamicListDelegate.swift */ = {isa = PBXFileReference; fileEncoding = 4; lastKnownFileType = sourcecode.swift; path = DynamicListDelegate.swift; sourceTree = "<group>"; };
/* End PBXFileReference section */

/* Begin PBXFrameworksBuildPhase section */
		BFD363891F65916300F059F0 /* Frameworks */ = {
			isa = PBXFrameworksBuildPhase;
			buildActionMask = 2147483647;
			files = (
				4EC3C072F9194C2BA08774A3 /* Pods_dynamicList.framework in Frameworks */,
			);
			runOnlyForDeploymentPostprocessing = 0;
		};
/* End PBXFrameworksBuildPhase section */

/* Begin PBXGroup section */
		BFD363831F65916300F059F0 = {
			isa = PBXGroup;
			children = (
				BFD3638E1F65916300F059F0 /* dynamicList */,
				BFD3638D1F65916300F059F0 /* Products */,
				CCD08D2B402604FD16B63027 /* Pods */,
				D6F716474BA5143705FDB200 /* Frameworks */,
			);
			sourceTree = "<group>";
		};
		BFD3638D1F65916300F059F0 /* Products */ = {
			isa = PBXGroup;
			children = (
				BFD3638C1F65916300F059F0 /* dynamicList.app */,
			);
			name = Products;
			sourceTree = "<group>";
		};
		BFD3638E1F65916300F059F0 /* dynamicList */ = {
			isa = PBXGroup;
			children = (
				BFD3638F1F65916300F059F0 /* AppDelegate.swift */,
				BFD363911F65916300F059F0 /* ViewController.swift */,
				BFD363931F65916300F059F0 /* Main.storyboard */,
				BFD363991F65916300F059F0 /* Assets.xcassets */,
				BFD3639B1F65916300F059F0 /* LaunchScreen.storyboard */,
				BFD3639E1F65916300F059F0 /* Info.plist */,
				BFD363961F65916300F059F0 /* dynamicList.xcdatamodeld */,
				BFD363A41F65951500F059F0 /* GoogleService-Info.plist */,
				BFD363A61F65987900F059F0 /* DynamicListDelegate.swift */,
			);
			path = dynamicList;
			sourceTree = "<group>";
		};
		CCD08D2B402604FD16B63027 /* Pods */ = {
			isa = PBXGroup;
			children = (
				71D7B0ED316B946293DD200C /* Pods-dynamicList.debug.xcconfig */,
				3A9E26331FE9B8DFA446681F /* Pods-dynamicList.release.xcconfig */,
			);
			name = Pods;
			sourceTree = "<group>";
		};
		D6F716474BA5143705FDB200 /* Frameworks */ = {
			isa = PBXGroup;
			children = (
				5DE86328A2A1533AD3602BD3 /* Pods_dynamicList.framework */,
			);
			name = Frameworks;
			sourceTree = "<group>";
		};
/* End PBXGroup section */

/* Begin PBXNativeTarget section */
		BFD3638B1F65916300F059F0 /* dynamicList */ = {
			isa = PBXNativeTarget;
			buildConfigurationList = BFD363A11F65916300F059F0 /* Build configuration list for PBXNativeTarget "dynamicList" */;
			buildPhases = (
				06459048F7617DA3C0EB0AD3 /* [CP] Check Pods Manifest.lock */,
				BFD363881F65916300F059F0 /* Sources */,
				BFD363891F65916300F059F0 /* Frameworks */,
				BFD3638A1F65916300F059F0 /* Resources */,
				54081414B7089CC1C0A42DF7 /* [CP] Embed Pods Frameworks */,
				E204F4794075A00F9357D75A /* [CP] Copy Pods Resources */,
			);
			buildRules = (
			);
			dependencies = (
			);
			name = dynamicList;
			productName = dynamicList;
			productReference = BFD3638C1F65916300F059F0 /* dynamicList.app */;
			productType = "com.apple.product-type.application";
		};
/* End PBXNativeTarget section */

/* Begin PBXProject section */
		BFD363841F65916300F059F0 /* Project object */ = {
			isa = PBXProject;
			attributes = {
				LastSwiftUpdateCheck = 0830;
				LastUpgradeCheck = 0830;
				ORGANIZATIONNAME = JukeBox;
				TargetAttributes = {
					BFD3638B1F65916300F059F0 = {
						CreatedOnToolsVersion = 8.3.3;
						ProvisioningStyle = Automatic;
					};
				};
			};
			buildConfigurationList = BFD363871F65916300F059F0 /* Build configuration list for PBXProject "dynamicList" */;
			compatibilityVersion = "Xcode 3.2";
			developmentRegion = English;
			hasScannedForEncodings = 0;
			knownRegions = (
				en,
				Base,
			);
			mainGroup = BFD363831F65916300F059F0;
			productRefGroup = BFD3638D1F65916300F059F0 /* Products */;
			projectDirPath = "";
			projectRoot = "";
			targets = (
				BFD3638B1F65916300F059F0 /* dynamicList */,
			);
		};
/* End PBXProject section */

/* Begin PBXResourcesBuildPhase section */
		BFD3638A1F65916300F059F0 /* Resources */ = {
			isa = PBXResourcesBuildPhase;
			buildActionMask = 2147483647;
			files = (
				BFD3639D1F65916300F059F0 /* LaunchScreen.storyboard in Resources */,
				BFD3639A1F65916300F059F0 /* Assets.xcassets in Resources */,
				BFD363951F65916300F059F0 /* Main.storyboard in Resources */,
				BFD363A51F65951500F059F0 /* GoogleService-Info.plist in Resources */,
			);
			runOnlyForDeploymentPostprocessing = 0;
		};
/* End PBXResourcesBuildPhase section */

/* Begin PBXShellScriptBuildPhase section */
		06459048F7617DA3C0EB0AD3 /* [CP] Check Pods Manifest.lock */ = {
			isa = PBXShellScriptBuildPhase;
			buildActionMask = 2147483647;
			files = (
			);
			inputPaths = (
				"${PODS_PODFILE_DIR_PATH}/Podfile.lock",
				"${PODS_ROOT}/Manifest.lock",
			);
			name = "[CP] Check Pods Manifest.lock";
			outputPaths = (
				"$(DERIVED_FILE_DIR)/Pods-dynamicList-checkManifestLockResult.txt",
			);
			runOnlyForDeploymentPostprocessing = 0;
			shellPath = /bin/sh;
			shellScript = "diff \"${PODS_PODFILE_DIR_PATH}/Podfile.lock\" \"${PODS_ROOT}/Manifest.lock\" > /dev/null\nif [ $? != 0 ] ; then\n    # print error to STDERR\n    echo \"error: The sandbox is not in sync with the Podfile.lock. Run 'pod install' or update your CocoaPods installation.\" >&2\n    exit 1\nfi\n# This output is used by Xcode 'outputs' to avoid re-running this script phase.\necho \"SUCCESS\" > \"${SCRIPT_OUTPUT_FILE_0}\"\n";
			showEnvVarsInLog = 0;
		};
		54081414B7089CC1C0A42DF7 /* [CP] Embed Pods Frameworks */ = {
			isa = PBXShellScriptBuildPhase;
			buildActionMask = 2147483647;
			files = (
			);
			inputPaths = (
				"${SRCROOT}/Pods/Target Support Files/Pods-dynamicList/Pods-dynamicList-frameworks.sh",
				"${BUILT_PRODUCTS_DIR}/GoogleToolboxForMac/GoogleToolboxForMac.framework",
			);
			name = "[CP] Embed Pods Frameworks";
			outputPaths = (
				"${TARGET_BUILD_DIR}/${FRAMEWORKS_FOLDER_PATH}/GoogleToolboxForMac.framework",
			);
			runOnlyForDeploymentPostprocessing = 0;
			shellPath = /bin/sh;
			shellScript = "\"${SRCROOT}/Pods/Target Support Files/Pods-dynamicList/Pods-dynamicList-frameworks.sh\"\n";
			showEnvVarsInLog = 0;
		};
		E204F4794075A00F9357D75A /* [CP] Copy Pods Resources */ = {
			isa = PBXShellScriptBuildPhase;
			buildActionMask = 2147483647;
			files = (
			);
			inputPaths = (
			);
			name = "[CP] Copy Pods Resources";
			outputPaths = (
			);
			runOnlyForDeploymentPostprocessing = 0;
			shellPath = /bin/sh;
			shellScript = "\"${SRCROOT}/Pods/Target Support Files/Pods-dynamicList/Pods-dynamicList-resources.sh\"\n";
			showEnvVarsInLog = 0;
		};
/* End PBXShellScriptBuildPhase section */

/* Begin PBXSourcesBuildPhase section */
		BFD363881F65916300F059F0 /* Sources */ = {
			isa = PBXSourcesBuildPhase;
			buildActionMask = 2147483647;
			files = (
				BFD363921F65916300F059F0 /* ViewController.swift in Sources */,
				BFD363A71F65987900F059F0 /* DynamicListDelegate.swift in Sources */,
				BFD363901F65916300F059F0 /* AppDelegate.swift in Sources */,
				BFD363981F65916300F059F0 /* dynamicList.xcdatamodeld in Sources */,
			);
			runOnlyForDeploymentPostprocessing = 0;
		};
/* End PBXSourcesBuildPhase section */

/* Begin PBXVariantGroup section */
		BFD363931F65916300F059F0 /* Main.storyboard */ = {
			isa = PBXVariantGroup;
			children = (
				BFD363941F65916300F059F0 /* Base */,
			);
			name = Main.storyboard;
			sourceTree = "<group>";
		};
		BFD3639B1F65916300F059F0 /* LaunchScreen.storyboard */ = {
			isa = PBXVariantGroup;
			children = (
				BFD3639C1F65916300F059F0 /* Base */,
			);
			name = LaunchScreen.storyboard;
			sourceTree = "<group>";
		};
/* End PBXVariantGroup section */

/* Begin XCBuildConfiguration section */
		BFD3639F1F65916300F059F0 /* Debug */ = {
			isa = XCBuildConfiguration;
			buildSettings = {
				ALWAYS_SEARCH_USER_PATHS = NO;
				CLANG_ANALYZER_NONNULL = YES;
				CLANG_ANALYZER_NUMBER_OBJECT_CONVERSION = YES_AGGRESSIVE;
				CLANG_CXX_LANGUAGE_STANDARD = "gnu++0x";
				CLANG_CXX_LIBRARY = "libc++";
				CLANG_ENABLE_MODULES = YES;
				CLANG_ENABLE_OBJC_ARC = YES;
				CLANG_WARN_BOOL_CONVERSION = YES;
				CLANG_WARN_CONSTANT_CONVERSION = YES;
				CLANG_WARN_DIRECT_OBJC_ISA_USAGE = YES_ERROR;
				CLANG_WARN_DOCUMENTATION_COMMENTS = YES;
				CLANG_WARN_EMPTY_BODY = YES;
				CLANG_WARN_ENUM_CONVERSION = YES;
				CLANG_WARN_INFINITE_RECURSION = YES;
				CLANG_WARN_INT_CONVERSION = YES;
				CLANG_WARN_OBJC_ROOT_CLASS = YES_ERROR;
				CLANG_WARN_SUSPICIOUS_MOVE = YES;
				CLANG_WARN_UNREACHABLE_CODE = YES;
				CLANG_WARN__DUPLICATE_METHOD_MATCH = YES;
				"CODE_SIGN_IDENTITY[sdk=iphoneos*]" = "iPhone Developer";
				COPY_PHASE_STRIP = NO;
				DEBUG_INFORMATION_FORMAT = dwarf;
				ENABLE_STRICT_OBJC_MSGSEND = YES;
				ENABLE_TESTABILITY = YES;
				GCC_C_LANGUAGE_STANDARD = gnu99;
				GCC_DYNAMIC_NO_PIC = NO;
				GCC_NO_COMMON_BLOCKS = YES;
				GCC_OPTIMIZATION_LEVEL = 0;
				GCC_PREPROCESSOR_DEFINITIONS = (
					"DEBUG=1",
					"$(inherited)",
				);
				GCC_WARN_64_TO_32_BIT_CONVERSION = YES;
				GCC_WARN_ABOUT_RETURN_TYPE = YES_ERROR;
				GCC_WARN_UNDECLARED_SELECTOR = YES;
				GCC_WARN_UNINITIALIZED_AUTOS = YES_AGGRESSIVE;
				GCC_WARN_UNUSED_FUNCTION = YES;
				GCC_WARN_UNUSED_VARIABLE = YES;
				IPHONEOS_DEPLOYMENT_TARGET = 10.3;
				MTL_ENABLE_DEBUG_INFO = YES;
				ONLY_ACTIVE_ARCH = YES;
				SDKROOT = iphoneos;
				SWIFT_ACTIVE_COMPILATION_CONDITIONS = DEBUG;
				SWIFT_OPTIMIZATION_LEVEL = "-Onone";
				TARGETED_DEVICE_FAMILY = "1,2";
			};
			name = Debug;
		};
		BFD363A01F65916300F059F0 /* Release */ = {
			isa = XCBuildConfiguration;
			buildSettings = {
				ALWAYS_SEARCH_USER_PATHS = NO;
				CLANG_ANALYZER_NONNULL = YES;
				CLANG_ANALYZER_NUMBER_OBJECT_CONVERSION = YES_AGGRESSIVE;
				CLANG_CXX_LANGUAGE_STANDARD = "gnu++0x";
				CLANG_CXX_LIBRARY = "libc++";
				CLANG_ENABLE_MODULES = YES;
				CLANG_ENABLE_OBJC_ARC = YES;
				CLANG_WARN_BOOL_CONVERSION = YES;
				CLANG_WARN_CONSTANT_CONVERSION = YES;
				CLANG_WARN_DIRECT_OBJC_ISA_USAGE = YES_ERROR;
				CLANG_WARN_DOCUMENTATION_COMMENTS = YES;
				CLANG_WARN_EMPTY_BODY = YES;
				CLANG_WARN_ENUM_CONVERSION = YES;
				CLANG_WARN_INFINITE_RECURSION = YES;
				CLANG_WARN_INT_CONVERSION = YES;
				CLANG_WARN_OBJC_ROOT_CLASS = YES_ERROR;
				CLANG_WARN_SUSPICIOUS_MOVE = YES;
				CLANG_WARN_UNREACHABLE_CODE = YES;
				CLANG_WARN__DUPLICATE_METHOD_MATCH = YES;
				"CODE_SIGN_IDENTITY[sdk=iphoneos*]" = "iPhone Developer";
				COPY_PHASE_STRIP = NO;
				DEBUG_INFORMATION_FORMAT = "dwarf-with-dsym";
				ENABLE_NS_ASSERTIONS = NO;
				ENABLE_STRICT_OBJC_MSGSEND = YES;
				GCC_C_LANGUAGE_STANDARD = gnu99;
				GCC_NO_COMMON_BLOCKS = YES;
				GCC_WARN_64_TO_32_BIT_CONVERSION = YES;
				GCC_WARN_ABOUT_RETURN_TYPE = YES_ERROR;
				GCC_WARN_UNDECLARED_SELECTOR = YES;
				GCC_WARN_UNINITIALIZED_AUTOS = YES_AGGRESSIVE;
				GCC_WARN_UNUSED_FUNCTION = YES;
				GCC_WARN_UNUSED_VARIABLE = YES;
				IPHONEOS_DEPLOYMENT_TARGET = 10.3;
				MTL_ENABLE_DEBUG_INFO = NO;
				SDKROOT = iphoneos;
				SWIFT_OPTIMIZATION_LEVEL = "-Owholemodule";
				TARGETED_DEVICE_FAMILY = "1,2";
				VALIDATE_PRODUCT = YES;
			};
			name = Release;
		};
		BFD363A21F65916300F059F0 /* Debug */ = {
			isa = XCBuildConfiguration;
			baseConfigurationReference = 71D7B0ED316B946293DD200C /* Pods-dynamicList.debug.xcconfig */;
			buildSettings = {
				ASSETCATALOG_COMPILER_APPICON_NAME = AppIcon;
				INFOPLIST_FILE = dynamicList/Info.plist;
				LD_RUNPATH_SEARCH_PATHS = "$(inherited) @executable_path/Frameworks";
				PRODUCT_BUNDLE_IDENTIFIER = com.kk.dynamicList;
				PRODUCT_NAME = "$(TARGET_NAME)";
				SWIFT_VERSION = 3.0;
			};
			name = Debug;
		};
		BFD363A31F65916300F059F0 /* Release */ = {
			isa = XCBuildConfiguration;
			baseConfigurationReference = 3A9E26331FE9B8DFA446681F /* Pods-dynamicList.release.xcconfig */;
			buildSettings = {
				ASSETCATALOG_COMPILER_APPICON_NAME = AppIcon;
				INFOPLIST_FILE = dynamicList/Info.plist;
				LD_RUNPATH_SEARCH_PATHS = "$(inherited) @executable_path/Frameworks";
				PRODUCT_BUNDLE_IDENTIFIER = com.kk.dynamicList;
				PRODUCT_NAME = "$(TARGET_NAME)";
				SWIFT_VERSION = 3.0;
			};
			name = Release;
		};
/* End XCBuildConfiguration section */

/* Begin XCConfigurationList section */
		BFD363871F65916300F059F0 /* Build configuration list for PBXProject "dynamicList" */ = {
			isa = XCConfigurationList;
			buildConfigurations = (
				BFD3639F1F65916300F059F0 /* Debug */,
				BFD363A01F65916300F059F0 /* Release */,
			);
			defaultConfigurationIsVisible = 0;
			defaultConfigurationName = Release;
		};
		BFD363A11F65916300F059F0 /* Build configuration list for PBXNativeTarget "dynamicList" */ = {
			isa = XCConfigurationList;
			buildConfigurations = (
				BFD363A21F65916300F059F0 /* Debug */,
				BFD363A31F65916300F059F0 /* Release */,
			);
			defaultConfigurationIsVisible = 0;
			defaultConfigurationName = Release;
		};
/* End XCConfigurationList section */

/* Begin XCVersionGroup section */
		BFD363961F65916300F059F0 /* dynamicList.xcdatamodeld */ = {
			isa = XCVersionGroup;
			children = (
				BFD363971F65916300F059F0 /* dynamicList.xcdatamodel */,
			);
			currentVersion = BFD363971F65916300F059F0 /* dynamicList.xcdatamodel */;
			path = dynamicList.xcdatamodeld;
			sourceTree = "<group>";
			versionGroupType = wrapper.xcdatamodel;
		};
/* End XCVersionGroup section */
	};
	rootObject = BFD363841F65916300F059F0 /* Project object */;
}
